// !$*UTF8*$!
{
	archiveVersion = 1;
	classes = {
	};
	objectVersion = 56;
	objects = {

/* Begin PBXBuildFile section */
		4F0C46D32A3E1A960076BF2B /* kloppenheim_06_4k.hdr in Resources */ = {isa = PBXBuildFile; fileRef = 4F0C46D12A3E17CE0076BF2B /* kloppenheim_06_4k.hdr */; };
		4F0C46FF2A3ED29C0076BF2B /* image.dng in Resources */ = {isa = PBXBuildFile; fileRef = 4F0C46FE2A3ED29C0076BF2B /* image.dng */; };
		4F0C47032A3ED94D0076BF2B /* SymbolEffectsViewController.m in Sources */ = {isa = PBXBuildFile; fileRef = 4F0C47022A3ED94D0076BF2B /* SymbolEffectsViewController.m */; };
		4F0C47072A3F15360076BF2B /* TextViewBorderViewController.m in Sources */ = {isa = PBXBuildFile; fileRef = 4F0C47062A3F15360076BF2B /* TextViewBorderViewController.m */; };
		4F0C470B2A3F1B530076BF2B /* ViewIsAppearingViewController.m in Sources */ = {isa = PBXBuildFile; fileRef = 4F0C470A2A3F1B530076BF2B /* ViewIsAppearingViewController.m */; };
		4F0C470E2A3F1BB40076BF2B /* _ViewIsAppearingViewController.m in Sources */ = {isa = PBXBuildFile; fileRef = 4F0C470D2A3F1BB40076BF2B /* _ViewIsAppearingViewController.m */; };
		4F0C47122A3F1F7F0076BF2B /* SearchControllerViewController.m in Sources */ = {isa = PBXBuildFile; fileRef = 4F0C47112A3F1F7F0076BF2B /* SearchControllerViewController.m */; };
		4F0C47152A3F20BE0076BF2B /* _SearchControllerViewController.m in Sources */ = {isa = PBXBuildFile; fileRef = 4F0C47142A3F20BE0076BF2B /* _SearchControllerViewController.m */; };
		4F0C47392A3F5CBE0076BF2B /* TextSelectionDisplayViewController.m in Sources */ = {isa = PBXBuildFile; fileRef = 4F0C47382A3F5CBE0076BF2B /* TextSelectionDisplayViewController.m */; };
		4F0C473C2A409AB90076BF2B /* NSObject+Foundation_IvarDescription.mm in Sources */ = {isa = PBXBuildFile; fileRef = 4F0C473A2A409AB90076BF2B /* NSObject+Foundation_IvarDescription.mm */; };
		4F3FFEA82A2EE106001F3BEC /* AppDelegate.m in Sources */ = {isa = PBXBuildFile; fileRef = 4F3FFEA72A2EE106001F3BEC /* AppDelegate.m */; };
		4F3FFEAB2A2EE106001F3BEC /* SceneDelegate.m in Sources */ = {isa = PBXBuildFile; fileRef = 4F3FFEAA2A2EE106001F3BEC /* SceneDelegate.m */; };
		4F3FFEAE2A2EE106001F3BEC /* FeaturesViewController.m in Sources */ = {isa = PBXBuildFile; fileRef = 4F3FFEAD2A2EE106001F3BEC /* FeaturesViewController.m */; };
		4F3FFEB32A2EE107001F3BEC /* Assets.xcassets in Resources */ = {isa = PBXBuildFile; fileRef = 4F3FFEB22A2EE107001F3BEC /* Assets.xcassets */; };
		4F3FFEB62A2EE107001F3BEC /* LaunchScreen.storyboard in Resources */ = {isa = PBXBuildFile; fileRef = 4F3FFEB42A2EE107001F3BEC /* LaunchScreen.storyboard */; };
		4F3FFEB92A2EE107001F3BEC /* main.m in Sources */ = {isa = PBXBuildFile; fileRef = 4F3FFEB82A2EE107001F3BEC /* main.m */; };
		4F3FFEC22A2EE35B001F3BEC /* FeaturesViewModel.m in Sources */ = {isa = PBXBuildFile; fileRef = 4F3FFEC12A2EE35B001F3BEC /* FeaturesViewModel.m */; };
		4F3FFEC52A2EE3CB001F3BEC /* FeaturesItemModel.m in Sources */ = {isa = PBXBuildFile; fileRef = 4F3FFEC42A2EE3CB001F3BEC /* FeaturesItemModel.m */; };
		4F3FFEC92A2EE7C7001F3BEC /* ContentUnavailableViewController.m in Sources */ = {isa = PBXBuildFile; fileRef = 4F3FFEC82A2EE7C7001F3BEC /* ContentUnavailableViewController.m */; };
		4F3FFECC2A2F25AA001F3BEC /* UIDevice+Category.m in Sources */ = {isa = PBXBuildFile; fileRef = 4F3FFECB2A2F25AA001F3BEC /* UIDevice+Category.m */; };
		4F83914A2A30D9510014137B /* ShapeViewController.m in Sources */ = {isa = PBXBuildFile; fileRef = 4F8391492A30D9510014137B /* ShapeViewController.m */; };
		4F83916F2A30ED840014137B /* UniformAcrossSiblingsViewController.m in Sources */ = {isa = PBXBuildFile; fileRef = 4F83916E2A30ED840014137B /* UniformAcrossSiblingsViewController.m */; };
		4F8391722A30EE050014137B /* UniformAcrossSiblingsContentConfiguration.m in Sources */ = {isa = PBXBuildFile; fileRef = 4F8391712A30EE050014137B /* UniformAcrossSiblingsContentConfiguration.m */; };
		4F8391752A30EEAC0014137B /* UniformAcrossSiblingsContentView.m in Sources */ = {isa = PBXBuildFile; fileRef = 4F8391742A30EEAC0014137B /* UniformAcrossSiblingsContentView.m */; };
		4F8391792A30F4E60014137B /* PageControlViewController.m in Sources */ = {isa = PBXBuildFile; fileRef = 4F8391782A30F4E60014137B /* PageControlViewController.m */; };
		4FD1D6162A3CB4FA00D1510D /* LabelVibrancyViewController.m in Sources */ = {isa = PBXBuildFile; fileRef = 4FD1D6152A3CB4FA00D1510D /* LabelVibrancyViewController.m */; };
		4FD1D61A2A3CBE5B00D1510D /* LefferformAwareAdjustingViewController.m in Sources */ = {isa = PBXBuildFile; fileRef = 4FD1D6192A3CBE5B00D1510D /* LefferformAwareAdjustingViewController.m */; };
		4FD1D61E2A3CC57200D1510D /* HDRImageViewController.m in Sources */ = {isa = PBXBuildFile; fileRef = 4FD1D61D2A3CC57200D1510D /* HDRImageViewController.m */; };
/* End PBXBuildFile section */

/* Begin PBXFileReference section */
		4F0C46CF2A3DEF230076BF2B /* MiscellaneousUIKit.entitlements */ = {isa = PBXFileReference; lastKnownFileType = text.plist.entitlements; path = MiscellaneousUIKit.entitlements; sourceTree = "<group>"; };
		4F0C46D12A3E17CE0076BF2B /* kloppenheim_06_4k.hdr */ = {isa = PBXFileReference; lastKnownFileType = file; path = kloppenheim_06_4k.hdr; sourceTree = "<group>"; };
		4F0C46FE2A3ED29C0076BF2B /* image.dng */ = {isa = PBXFileReference; lastKnownFileType = file; path = image.dng; sourceTree = "<group>"; };
		4F0C47012A3ED94D0076BF2B /* SymbolEffectsViewController.h */ = {isa = PBXFileReference; lastKnownFileType = sourcecode.c.h; path = SymbolEffectsViewController.h; sourceTree = "<group>"; };
		4F0C47022A3ED94D0076BF2B /* SymbolEffectsViewController.m */ = {isa = PBXFileReference; lastKnownFileType = sourcecode.c.objc; path = SymbolEffectsViewController.m; sourceTree = "<group>"; };
		4F0C47052A3F15360076BF2B /* TextViewBorderViewController.h */ = {isa = PBXFileReference; lastKnownFileType = sourcecode.c.h; path = TextViewBorderViewController.h; sourceTree = "<group>"; };
		4F0C47062A3F15360076BF2B /* TextViewBorderViewController.m */ = {isa = PBXFileReference; lastKnownFileType = sourcecode.c.objc; path = TextViewBorderViewController.m; sourceTree = "<group>"; };
		4F0C47092A3F1B530076BF2B /* ViewIsAppearingViewController.h */ = {isa = PBXFileReference; lastKnownFileType = sourcecode.c.h; path = ViewIsAppearingViewController.h; sourceTree = "<group>"; };
		4F0C470A2A3F1B530076BF2B /* ViewIsAppearingViewController.m */ = {isa = PBXFileReference; lastKnownFileType = sourcecode.c.objc; path = ViewIsAppearingViewController.m; sourceTree = "<group>"; };
		4F0C470C2A3F1BB40076BF2B /* _ViewIsAppearingViewController.h */ = {isa = PBXFileReference; lastKnownFileType = sourcecode.c.h; path = _ViewIsAppearingViewController.h; sourceTree = "<group>"; };
		4F0C470D2A3F1BB40076BF2B /* _ViewIsAppearingViewController.m */ = {isa = PBXFileReference; lastKnownFileType = sourcecode.c.objc; path = _ViewIsAppearingViewController.m; sourceTree = "<group>"; };
		4F0C47102A3F1F7F0076BF2B /* SearchControllerViewController.h */ = {isa = PBXFileReference; lastKnownFileType = sourcecode.c.h; path = SearchControllerViewController.h; sourceTree = "<group>"; };
		4F0C47112A3F1F7F0076BF2B /* SearchControllerViewController.m */ = {isa = PBXFileReference; lastKnownFileType = sourcecode.c.objc; path = SearchControllerViewController.m; sourceTree = "<group>"; };
		4F0C47132A3F20BE0076BF2B /* _SearchControllerViewController.h */ = {isa = PBXFileReference; lastKnownFileType = sourcecode.c.h; path = _SearchControllerViewController.h; sourceTree = "<group>"; };
		4F0C47142A3F20BE0076BF2B /* _SearchControllerViewController.m */ = {isa = PBXFileReference; lastKnownFileType = sourcecode.c.objc; path = _SearchControllerViewController.m; sourceTree = "<group>"; };
		4F0C47372A3F5CBE0076BF2B /* TextSelectionDisplayViewController.h */ = {isa = PBXFileReference; lastKnownFileType = sourcecode.c.h; path = TextSelectionDisplayViewController.h; sourceTree = "<group>"; };
		4F0C47382A3F5CBE0076BF2B /* TextSelectionDisplayViewController.m */ = {isa = PBXFileReference; lastKnownFileType = sourcecode.c.objc; path = TextSelectionDisplayViewController.m; sourceTree = "<group>"; };
		4F0C473A2A409AB90076BF2B /* NSObject+Foundation_IvarDescription.mm */ = {isa = PBXFileReference; fileEncoding = 4; lastKnownFileType = sourcecode.cpp.objcpp; path = "NSObject+Foundation_IvarDescription.mm"; sourceTree = "<group>"; };
		4F0C473B2A409AB90076BF2B /* NSObject+Foundation_IvarDescription.h */ = {isa = PBXFileReference; fileEncoding = 4; lastKnownFileType = sourcecode.c.h; path = "NSObject+Foundation_IvarDescription.h"; sourceTree = "<group>"; };
		4F3FFEA32A2EE106001F3BEC /* MiscellaneousUIKit.app */ = {isa = PBXFileReference; explicitFileType = wrapper.application; includeInIndex = 0; path = MiscellaneousUIKit.app; sourceTree = BUILT_PRODUCTS_DIR; };
		4F3FFEA62A2EE106001F3BEC /* AppDelegate.h */ = {isa = PBXFileReference; lastKnownFileType = sourcecode.c.h; path = AppDelegate.h; sourceTree = "<group>"; };
		4F3FFEA72A2EE106001F3BEC /* AppDelegate.m */ = {isa = PBXFileReference; lastKnownFileType = sourcecode.c.objc; path = AppDelegate.m; sourceTree = "<group>"; };
		4F3FFEA92A2EE106001F3BEC /* SceneDelegate.h */ = {isa = PBXFileReference; lastKnownFileType = sourcecode.c.h; path = SceneDelegate.h; sourceTree = "<group>"; };
		4F3FFEAA2A2EE106001F3BEC /* SceneDelegate.m */ = {isa = PBXFileReference; lastKnownFileType = sourcecode.c.objc; path = SceneDelegate.m; sourceTree = "<group>"; };
		4F3FFEAC2A2EE106001F3BEC /* FeaturesViewController.h */ = {isa = PBXFileReference; lastKnownFileType = sourcecode.c.h; path = FeaturesViewController.h; sourceTree = "<group>"; };
		4F3FFEAD2A2EE106001F3BEC /* FeaturesViewController.m */ = {isa = PBXFileReference; lastKnownFileType = sourcecode.c.objc; path = FeaturesViewController.m; sourceTree = "<group>"; };
		4F3FFEB22A2EE107001F3BEC /* Assets.xcassets */ = {isa = PBXFileReference; lastKnownFileType = folder.assetcatalog; path = Assets.xcassets; sourceTree = "<group>"; };
		4F3FFEB52A2EE107001F3BEC /* Base */ = {isa = PBXFileReference; lastKnownFileType = file.storyboard; name = Base; path = Base.lproj/LaunchScreen.storyboard; sourceTree = "<group>"; };
		4F3FFEB72A2EE107001F3BEC /* Info.plist */ = {isa = PBXFileReference; lastKnownFileType = text.plist.xml; path = Info.plist; sourceTree = "<group>"; };
		4F3FFEB82A2EE107001F3BEC /* main.m */ = {isa = PBXFileReference; lastKnownFileType = sourcecode.c.objc; path = main.m; sourceTree = "<group>"; };
		4F3FFEC02A2EE35B001F3BEC /* FeaturesViewModel.h */ = {isa = PBXFileReference; lastKnownFileType = sourcecode.c.h; path = FeaturesViewModel.h; sourceTree = "<group>"; };
		4F3FFEC12A2EE35B001F3BEC /* FeaturesViewModel.m */ = {isa = PBXFileReference; lastKnownFileType = sourcecode.c.objc; path = FeaturesViewModel.m; sourceTree = "<group>"; };
		4F3FFEC32A2EE3CB001F3BEC /* FeaturesItemModel.h */ = {isa = PBXFileReference; lastKnownFileType = sourcecode.c.h; path = FeaturesItemModel.h; sourceTree = "<group>"; };
		4F3FFEC42A2EE3CB001F3BEC /* FeaturesItemModel.m */ = {isa = PBXFileReference; lastKnownFileType = sourcecode.c.objc; path = FeaturesItemModel.m; sourceTree = "<group>"; };
		4F3FFEC72A2EE7C7001F3BEC /* ContentUnavailableViewController.h */ = {isa = PBXFileReference; lastKnownFileType = sourcecode.c.h; path = ContentUnavailableViewController.h; sourceTree = "<group>"; };
		4F3FFEC82A2EE7C7001F3BEC /* ContentUnavailableViewController.m */ = {isa = PBXFileReference; lastKnownFileType = sourcecode.c.objc; path = ContentUnavailableViewController.m; sourceTree = "<group>"; };
		4F3FFECA2A2F25AA001F3BEC /* UIDevice+Category.h */ = {isa = PBXFileReference; lastKnownFileType = sourcecode.c.h; path = "UIDevice+Category.h"; sourceTree = "<group>"; };
		4F3FFECB2A2F25AA001F3BEC /* UIDevice+Category.m */ = {isa = PBXFileReference; lastKnownFileType = sourcecode.c.objc; path = "UIDevice+Category.m"; sourceTree = "<group>"; };
		4F8391482A30D9510014137B /* ShapeViewController.h */ = {isa = PBXFileReference; lastKnownFileType = sourcecode.c.h; path = ShapeViewController.h; sourceTree = "<group>"; };
		4F8391492A30D9510014137B /* ShapeViewController.m */ = {isa = PBXFileReference; lastKnownFileType = sourcecode.c.objc; path = ShapeViewController.m; sourceTree = "<group>"; };
		4F83916D2A30ED840014137B /* UniformAcrossSiblingsViewController.h */ = {isa = PBXFileReference; lastKnownFileType = sourcecode.c.h; path = UniformAcrossSiblingsViewController.h; sourceTree = "<group>"; };
		4F83916E2A30ED840014137B /* UniformAcrossSiblingsViewController.m */ = {isa = PBXFileReference; lastKnownFileType = sourcecode.c.objc; path = UniformAcrossSiblingsViewController.m; sourceTree = "<group>"; };
		4F8391702A30EE050014137B /* UniformAcrossSiblingsContentConfiguration.h */ = {isa = PBXFileReference; lastKnownFileType = sourcecode.c.h; path = UniformAcrossSiblingsContentConfiguration.h; sourceTree = "<group>"; };
		4F8391712A30EE050014137B /* UniformAcrossSiblingsContentConfiguration.m */ = {isa = PBXFileReference; lastKnownFileType = sourcecode.c.objc; path = UniformAcrossSiblingsContentConfiguration.m; sourceTree = "<group>"; };
		4F8391732A30EEAC0014137B /* UniformAcrossSiblingsContentView.h */ = {isa = PBXFileReference; lastKnownFileType = sourcecode.c.h; path = UniformAcrossSiblingsContentView.h; sourceTree = "<group>"; };
		4F8391742A30EEAC0014137B /* UniformAcrossSiblingsContentView.m */ = {isa = PBXFileReference; lastKnownFileType = sourcecode.c.objc; path = UniformAcrossSiblingsContentView.m; sourceTree = "<group>"; };
		4F8391772A30F4E60014137B /* PageControlViewController.h */ = {isa = PBXFileReference; lastKnownFileType = sourcecode.c.h; path = PageControlViewController.h; sourceTree = "<group>"; };
		4F8391782A30F4E60014137B /* PageControlViewController.m */ = {isa = PBXFileReference; lastKnownFileType = sourcecode.c.objc; path = PageControlViewController.m; sourceTree = "<group>"; };
		4FD1D6142A3CB4FA00D1510D /* LabelVibrancyViewController.h */ = {isa = PBXFileReference; lastKnownFileType = sourcecode.c.h; path = LabelVibrancyViewController.h; sourceTree = "<group>"; };
		4FD1D6152A3CB4FA00D1510D /* LabelVibrancyViewController.m */ = {isa = PBXFileReference; lastKnownFileType = sourcecode.c.objc; path = LabelVibrancyViewController.m; sourceTree = "<group>"; };
		4FD1D6182A3CBE5B00D1510D /* LefferformAwareAdjustingViewController.h */ = {isa = PBXFileReference; lastKnownFileType = sourcecode.c.h; path = LefferformAwareAdjustingViewController.h; sourceTree = "<group>"; };
		4FD1D6192A3CBE5B00D1510D /* LefferformAwareAdjustingViewController.m */ = {isa = PBXFileReference; lastKnownFileType = sourcecode.c.objc; path = LefferformAwareAdjustingViewController.m; sourceTree = "<group>"; };
		4FD1D61C2A3CC57200D1510D /* HDRImageViewController.h */ = {isa = PBXFileReference; lastKnownFileType = sourcecode.c.h; path = HDRImageViewController.h; sourceTree = "<group>"; };
		4FD1D61D2A3CC57200D1510D /* HDRImageViewController.m */ = {isa = PBXFileReference; lastKnownFileType = sourcecode.c.objc; path = HDRImageViewController.m; sourceTree = "<group>"; };
/* End PBXFileReference section */

/* Begin PBXFrameworksBuildPhase section */
		4F3FFEA02A2EE106001F3BEC /* Frameworks */ = {
			isa = PBXFrameworksBuildPhase;
			buildActionMask = 2147483647;
			files = (
			);
			runOnlyForDeploymentPostprocessing = 0;
		};
/* End PBXFrameworksBuildPhase section */

/* Begin PBXGroup section */
		4F0C47002A3ED93A0076BF2B /* SymbolEffects */ = {
			isa = PBXGroup;
			children = (
				4F0C47012A3ED94D0076BF2B /* SymbolEffectsViewController.h */,
				4F0C47022A3ED94D0076BF2B /* SymbolEffectsViewController.m */,
			);
			path = SymbolEffects;
			sourceTree = "<group>";
		};
		4F0C47042A3F15270076BF2B /* TextViewBorder */ = {
			isa = PBXGroup;
			children = (
				4F0C47052A3F15360076BF2B /* TextViewBorderViewController.h */,
				4F0C47062A3F15360076BF2B /* TextViewBorderViewController.m */,
			);
			path = TextViewBorder;
			sourceTree = "<group>";
		};
		4F0C47082A3F1B440076BF2B /* ViewIsAppearing */ = {
			isa = PBXGroup;
			children = (
				4F0C47092A3F1B530076BF2B /* ViewIsAppearingViewController.h */,
				4F0C470A2A3F1B530076BF2B /* ViewIsAppearingViewController.m */,
				4F0C470C2A3F1BB40076BF2B /* _ViewIsAppearingViewController.h */,
				4F0C470D2A3F1BB40076BF2B /* _ViewIsAppearingViewController.m */,
			);
			path = ViewIsAppearing;
			sourceTree = "<group>";
		};
		4F0C470F2A3F1F400076BF2B /* SearchController */ = {
			isa = PBXGroup;
			children = (
				4F0C47102A3F1F7F0076BF2B /* SearchControllerViewController.h */,
				4F0C47112A3F1F7F0076BF2B /* SearchControllerViewController.m */,
				4F0C47132A3F20BE0076BF2B /* _SearchControllerViewController.h */,
				4F0C47142A3F20BE0076BF2B /* _SearchControllerViewController.m */,
			);
			path = SearchController;
			sourceTree = "<group>";
		};
		4F0C47162A3F595F0076BF2B /* TextSelectionDisplay */ = {
			isa = PBXGroup;
			children = (
				4F0C47372A3F5CBE0076BF2B /* TextSelectionDisplayViewController.h */,
				4F0C47382A3F5CBE0076BF2B /* TextSelectionDisplayViewController.m */,
			);
			path = TextSelectionDisplay;
			sourceTree = "<group>";
		};
		4F3FFE9A2A2EE106001F3BEC = {
			isa = PBXGroup;
			children = (
				4F3FFEA52A2EE106001F3BEC /* MiscellaneousUIKit */,
				4F3FFEA42A2EE106001F3BEC /* Products */,
			);
			sourceTree = "<group>";
		};
		4F3FFEA42A2EE106001F3BEC /* Products */ = {
			isa = PBXGroup;
			children = (
				4F3FFEA32A2EE106001F3BEC /* MiscellaneousUIKit.app */,
			);
			name = Products;
			sourceTree = "<group>";
		};
		4F3FFEA52A2EE106001F3BEC /* MiscellaneousUIKit */ = {
			isa = PBXGroup;
			children = (
				4F0C473B2A409AB90076BF2B /* NSObject+Foundation_IvarDescription.h */,
				4F0C473A2A409AB90076BF2B /* NSObject+Foundation_IvarDescription.mm */,
				4F0C46CF2A3DEF230076BF2B /* MiscellaneousUIKit.entitlements */,
				4F0C46D12A3E17CE0076BF2B /* kloppenheim_06_4k.hdr */,
				4F0C46FE2A3ED29C0076BF2B /* image.dng */,
				4F3FFEA62A2EE106001F3BEC /* AppDelegate.h */,
				4F3FFEA72A2EE106001F3BEC /* AppDelegate.m */,
				4F3FFEA92A2EE106001F3BEC /* SceneDelegate.h */,
				4F3FFEAA2A2EE106001F3BEC /* SceneDelegate.m */,
				4F3FFECA2A2F25AA001F3BEC /* UIDevice+Category.h */,
				4F3FFECB2A2F25AA001F3BEC /* UIDevice+Category.m */,
				4F3FFEBF2A2EE344001F3BEC /* Features */,
				4F3FFEC62A2EE7B5001F3BEC /* ContentUnavailable */,
				4F8391472A30D9460014137B /* Shape */,
				4F83916C2A30ED6C0014137B /* UniformAcrossSiblings */,
				4F8391762A30F4D20014137B /* PageControl */,
				4FD1D6132A3CB4E500D1510D /* LabelVibrancy */,
				4FD1D6172A3CBE0D00D1510D /* LefferformAwareAdjusting */,
				4FD1D61B2A3CC56200D1510D /* HDRImage */,
				4F0C47002A3ED93A0076BF2B /* SymbolEffects */,
				4F0C47042A3F15270076BF2B /* TextViewBorder */,
				4F0C47082A3F1B440076BF2B /* ViewIsAppearing */,
				4F0C470F2A3F1F400076BF2B /* SearchController */,
				4F0C47162A3F595F0076BF2B /* TextSelectionDisplay */,
				4F3FFEB22A2EE107001F3BEC /* Assets.xcassets */,
				4F3FFEB42A2EE107001F3BEC /* LaunchScreen.storyboard */,
				4F3FFEB72A2EE107001F3BEC /* Info.plist */,
				4F3FFEB82A2EE107001F3BEC /* main.m */,
			);
			path = MiscellaneousUIKit;
			sourceTree = "<group>";
		};
		4F3FFEBF2A2EE344001F3BEC /* Features */ = {
			isa = PBXGroup;
			children = (
				4F3FFEAC2A2EE106001F3BEC /* FeaturesViewController.h */,
				4F3FFEAD2A2EE106001F3BEC /* FeaturesViewController.m */,
				4F3FFEC02A2EE35B001F3BEC /* FeaturesViewModel.h */,
				4F3FFEC12A2EE35B001F3BEC /* FeaturesViewModel.m */,
				4F3FFEC32A2EE3CB001F3BEC /* FeaturesItemModel.h */,
				4F3FFEC42A2EE3CB001F3BEC /* FeaturesItemModel.m */,
			);
			path = Features;
			sourceTree = "<group>";
		};
		4F3FFEC62A2EE7B5001F3BEC /* ContentUnavailable */ = {
			isa = PBXGroup;
			children = (
				4F3FFEC72A2EE7C7001F3BEC /* ContentUnavailableViewController.h */,
				4F3FFEC82A2EE7C7001F3BEC /* ContentUnavailableViewController.m */,
			);
			path = ContentUnavailable;
			sourceTree = "<group>";
		};
		4F8391472A30D9460014137B /* Shape */ = {
			isa = PBXGroup;
			children = (
				4F8391482A30D9510014137B /* ShapeViewController.h */,
				4F8391492A30D9510014137B /* ShapeViewController.m */,
			);
			path = Shape;
			sourceTree = "<group>";
		};
		4F83916C2A30ED6C0014137B /* UniformAcrossSiblings */ = {
			isa = PBXGroup;
			children = (
				4F83916D2A30ED840014137B /* UniformAcrossSiblingsViewController.h */,
				4F83916E2A30ED840014137B /* UniformAcrossSiblingsViewController.m */,
				4F8391702A30EE050014137B /* UniformAcrossSiblingsContentConfiguration.h */,
				4F8391712A30EE050014137B /* UniformAcrossSiblingsContentConfiguration.m */,
				4F8391732A30EEAC0014137B /* UniformAcrossSiblingsContentView.h */,
				4F8391742A30EEAC0014137B /* UniformAcrossSiblingsContentView.m */,
			);
			path = UniformAcrossSiblings;
			sourceTree = "<group>";
		};
		4F8391762A30F4D20014137B /* PageControl */ = {
			isa = PBXGroup;
			children = (
				4F8391772A30F4E60014137B /* PageControlViewController.h */,
				4F8391782A30F4E60014137B /* PageControlViewController.m */,
			);
			path = PageControl;
			sourceTree = "<group>";
		};
		4FD1D6132A3CB4E500D1510D /* LabelVibrancy */ = {
			isa = PBXGroup;
			children = (
				4FD1D6142A3CB4FA00D1510D /* LabelVibrancyViewController.h */,
				4FD1D6152A3CB4FA00D1510D /* LabelVibrancyViewController.m */,
			);
			path = LabelVibrancy;
			sourceTree = "<group>";
		};
		4FD1D6172A3CBE0D00D1510D /* LefferformAwareAdjusting */ = {
			isa = PBXGroup;
			children = (
				4FD1D6182A3CBE5B00D1510D /* LefferformAwareAdjustingViewController.h */,
				4FD1D6192A3CBE5B00D1510D /* LefferformAwareAdjustingViewController.m */,
			);
			path = LefferformAwareAdjusting;
			sourceTree = "<group>";
		};
		4FD1D61B2A3CC56200D1510D /* HDRImage */ = {
			isa = PBXGroup;
			children = (
				4FD1D61C2A3CC57200D1510D /* HDRImageViewController.h */,
				4FD1D61D2A3CC57200D1510D /* HDRImageViewController.m */,
			);
			path = HDRImage;
			sourceTree = "<group>";
		};
/* End PBXGroup section */

/* Begin PBXNativeTarget section */
		4F3FFEA22A2EE106001F3BEC /* MiscellaneousUIKit */ = {
			isa = PBXNativeTarget;
			buildConfigurationList = 4F3FFEBC2A2EE107001F3BEC /* Build configuration list for PBXNativeTarget "MiscellaneousUIKit" */;
			buildPhases = (
				4F3FFE9F2A2EE106001F3BEC /* Sources */,
				4F3FFEA02A2EE106001F3BEC /* Frameworks */,
				4F3FFEA12A2EE106001F3BEC /* Resources */,
			);
			buildRules = (
			);
			dependencies = (
			);
			name = MiscellaneousUIKit;
			productName = MiscellaneousUIKit;
			productReference = 4F3FFEA32A2EE106001F3BEC /* MiscellaneousUIKit.app */;
			productType = "com.apple.product-type.application";
		};
/* End PBXNativeTarget section */

/* Begin PBXProject section */
		4F3FFE9B2A2EE106001F3BEC /* Project object */ = {
			isa = PBXProject;
			attributes = {
				BuildIndependentTargetsInParallel = 1;
				LastUpgradeCheck = 1500;
				TargetAttributes = {
					4F3FFEA22A2EE106001F3BEC = {
						CreatedOnToolsVersion = 15.0;
					};
				};
			};
			buildConfigurationList = 4F3FFE9E2A2EE106001F3BEC /* Build configuration list for PBXProject "MiscellaneousUIKit" */;
			compatibilityVersion = "Xcode 14.0";
			developmentRegion = en;
			hasScannedForEncodings = 0;
			knownRegions = (
				en,
				Base,
			);
			mainGroup = 4F3FFE9A2A2EE106001F3BEC;
			productRefGroup = 4F3FFEA42A2EE106001F3BEC /* Products */;
			projectDirPath = "";
			projectRoot = "";
			targets = (
				4F3FFEA22A2EE106001F3BEC /* MiscellaneousUIKit */,
			);
		};
/* End PBXProject section */

/* Begin PBXResourcesBuildPhase section */
		4F3FFEA12A2EE106001F3BEC /* Resources */ = {
			isa = PBXResourcesBuildPhase;
			buildActionMask = 2147483647;
			files = (
				4F3FFEB62A2EE107001F3BEC /* LaunchScreen.storyboard in Resources */,
				4F3FFEB32A2EE107001F3BEC /* Assets.xcassets in Resources */,
				4F0C46D32A3E1A960076BF2B /* kloppenheim_06_4k.hdr in Resources */,
				4F0C46FF2A3ED29C0076BF2B /* image.dng in Resources */,
			);
			runOnlyForDeploymentPostprocessing = 0;
		};
/* End PBXResourcesBuildPhase section */

/* Begin PBXSourcesBuildPhase section */
		4F3FFE9F2A2EE106001F3BEC /* Sources */ = {
			isa = PBXSourcesBuildPhase;
			buildActionMask = 2147483647;
			files = (
				4F0C47072A3F15360076BF2B /* TextViewBorderViewController.m in Sources */,
				4F3FFEAE2A2EE106001F3BEC /* FeaturesViewController.m in Sources */,
				4FD1D61A2A3CBE5B00D1510D /* LefferformAwareAdjustingViewController.m in Sources */,
				4F3FFEC22A2EE35B001F3BEC /* FeaturesViewModel.m in Sources */,
				4FD1D61E2A3CC57200D1510D /* HDRImageViewController.m in Sources */,
				4F3FFEC92A2EE7C7001F3BEC /* ContentUnavailableViewController.m in Sources */,
				4F0C470E2A3F1BB40076BF2B /* _ViewIsAppearingViewController.m in Sources */,
				4FD1D6162A3CB4FA00D1510D /* LabelVibrancyViewController.m in Sources */,
				4F0C47152A3F20BE0076BF2B /* _SearchControllerViewController.m in Sources */,
				4F83914A2A30D9510014137B /* ShapeViewController.m in Sources */,
				4F3FFEA82A2EE106001F3BEC /* AppDelegate.m in Sources */,
				4F8391752A30EEAC0014137B /* UniformAcrossSiblingsContentView.m in Sources */,
				4F0C470B2A3F1B530076BF2B /* ViewIsAppearingViewController.m in Sources */,
				4F0C473C2A409AB90076BF2B /* NSObject+Foundation_IvarDescription.mm in Sources */,
				4F0C47032A3ED94D0076BF2B /* SymbolEffectsViewController.m in Sources */,
				4F3FFEB92A2EE107001F3BEC /* main.m in Sources */,
				4F8391722A30EE050014137B /* UniformAcrossSiblingsContentConfiguration.m in Sources */,
				4F3FFECC2A2F25AA001F3BEC /* UIDevice+Category.m in Sources */,
				4F0C47392A3F5CBE0076BF2B /* TextSelectionDisplayViewController.m in Sources */,
				4F3FFEAB2A2EE106001F3BEC /* SceneDelegate.m in Sources */,
				4F3FFEC52A2EE3CB001F3BEC /* FeaturesItemModel.m in Sources */,
				4F8391792A30F4E60014137B /* PageControlViewController.m in Sources */,
				4F0C47122A3F1F7F0076BF2B /* SearchControllerViewController.m in Sources */,
				4F83916F2A30ED840014137B /* UniformAcrossSiblingsViewController.m in Sources */,
			);
			runOnlyForDeploymentPostprocessing = 0;
		};
/* End PBXSourcesBuildPhase section */

/* Begin PBXVariantGroup section */
		4F3FFEB42A2EE107001F3BEC /* LaunchScreen.storyboard */ = {
			isa = PBXVariantGroup;
			children = (
				4F3FFEB52A2EE107001F3BEC /* Base */,
			);
			name = LaunchScreen.storyboard;
			sourceTree = "<group>";
		};
/* End PBXVariantGroup section */

/* Begin XCBuildConfiguration section */
		4F3FFEBA2A2EE107001F3BEC /* Debug */ = {
			isa = XCBuildConfiguration;
			buildSettings = {
				ALWAYS_SEARCH_USER_PATHS = NO;
				ASSETCATALOG_COMPILER_GENERATE_SWIFT_ASSET_SYMBOL_EXTENSIONS = YES;
				CLANG_ANALYZER_NONNULL = YES;
				CLANG_ANALYZER_NUMBER_OBJECT_CONVERSION = YES_AGGRESSIVE;
				CLANG_CXX_LANGUAGE_STANDARD = "gnu++20";
				CLANG_ENABLE_MODULES = YES;
				CLANG_ENABLE_OBJC_ARC = NO;
				CLANG_ENABLE_OBJC_WEAK = YES;
				CLANG_WARN_BLOCK_CAPTURE_AUTORELEASING = YES;
				CLANG_WARN_BOOL_CONVERSION = YES;
				CLANG_WARN_COMMA = YES;
				CLANG_WARN_CONSTANT_CONVERSION = YES;
				CLANG_WARN_DEPRECATED_OBJC_IMPLEMENTATIONS = YES;
				CLANG_WARN_DIRECT_OBJC_ISA_USAGE = YES_ERROR;
				CLANG_WARN_DOCUMENTATION_COMMENTS = YES;
				CLANG_WARN_EMPTY_BODY = YES;
				CLANG_WARN_ENUM_CONVERSION = YES;
				CLANG_WARN_INFINITE_RECURSION = YES;
				CLANG_WARN_INT_CONVERSION = YES;
				CLANG_WARN_NON_LITERAL_NULL_CONVERSION = YES;
				CLANG_WARN_OBJC_IMPLICIT_RETAIN_SELF = YES;
				CLANG_WARN_OBJC_LITERAL_CONVERSION = YES;
				CLANG_WARN_OBJC_ROOT_CLASS = YES_ERROR;
				CLANG_WARN_QUOTED_INCLUDE_IN_FRAMEWORK_HEADER = YES;
				CLANG_WARN_RANGE_LOOP_ANALYSIS = YES;
				CLANG_WARN_STRICT_PROTOTYPES = YES;
				CLANG_WARN_SUSPICIOUS_MOVE = YES;
				CLANG_WARN_UNGUARDED_AVAILABILITY = YES_AGGRESSIVE;
				CLANG_WARN_UNREACHABLE_CODE = YES;
				CLANG_WARN__DUPLICATE_METHOD_MATCH = YES;
				COPY_PHASE_STRIP = NO;
				DEBUG_INFORMATION_FORMAT = dwarf;
				ENABLE_STRICT_OBJC_MSGSEND = YES;
				ENABLE_TESTABILITY = YES;
				ENABLE_USER_SCRIPT_SANDBOXING = YES;
				GCC_C_LANGUAGE_STANDARD = gnu17;
				GCC_DYNAMIC_NO_PIC = NO;
				GCC_NO_COMMON_BLOCKS = YES;
				GCC_OPTIMIZATION_LEVEL = 0;
				GCC_PREPROCESSOR_DEFINITIONS = (
					"DEBUG=1",
					"$(inherited)",
				);
				GCC_WARN_64_TO_32_BIT_CONVERSION = YES;
				GCC_WARN_ABOUT_RETURN_TYPE = YES_ERROR;
				GCC_WARN_UNDECLARED_SELECTOR = YES;
				GCC_WARN_UNINITIALIZED_AUTOS = YES_AGGRESSIVE;
				GCC_WARN_UNUSED_FUNCTION = YES;
				GCC_WARN_UNUSED_VARIABLE = YES;
				IPHONEOS_DEPLOYMENT_TARGET = 17.0;
				LOCALIZATION_PREFERS_STRING_CATALOGS = YES;
				MTL_ENABLE_DEBUG_INFO = INCLUDE_SOURCE;
				MTL_FAST_MATH = YES;
				ONLY_ACTIVE_ARCH = YES;
				SDKROOT = iphoneos;
			};
			name = Debug;
		};
		4F3FFEBB2A2EE107001F3BEC /* Release */ = {
			isa = XCBuildConfiguration;
			buildSettings = {
				ALWAYS_SEARCH_USER_PATHS = NO;
				ASSETCATALOG_COMPILER_GENERATE_SWIFT_ASSET_SYMBOL_EXTENSIONS = YES;
				CLANG_ANALYZER_NONNULL = YES;
				CLANG_ANALYZER_NUMBER_OBJECT_CONVERSION = YES_AGGRESSIVE;
				CLANG_CXX_LANGUAGE_STANDARD = "gnu++20";
				CLANG_ENABLE_MODULES = YES;
				CLANG_ENABLE_OBJC_ARC = NO;
				CLANG_ENABLE_OBJC_WEAK = YES;
				CLANG_WARN_BLOCK_CAPTURE_AUTORELEASING = YES;
				CLANG_WARN_BOOL_CONVERSION = YES;
				CLANG_WARN_COMMA = YES;
				CLANG_WARN_CONSTANT_CONVERSION = YES;
				CLANG_WARN_DEPRECATED_OBJC_IMPLEMENTATIONS = YES;
				CLANG_WARN_DIRECT_OBJC_ISA_USAGE = YES_ERROR;
				CLANG_WARN_DOCUMENTATION_COMMENTS = YES;
				CLANG_WARN_EMPTY_BODY = YES;
				CLANG_WARN_ENUM_CONVERSION = YES;
				CLANG_WARN_INFINITE_RECURSION = YES;
				CLANG_WARN_INT_CONVERSION = YES;
				CLANG_WARN_NON_LITERAL_NULL_CONVERSION = YES;
				CLANG_WARN_OBJC_IMPLICIT_RETAIN_SELF = YES;
				CLANG_WARN_OBJC_LITERAL_CONVERSION = YES;
				CLANG_WARN_OBJC_ROOT_CLASS = YES_ERROR;
				CLANG_WARN_QUOTED_INCLUDE_IN_FRAMEWORK_HEADER = YES;
				CLANG_WARN_RANGE_LOOP_ANALYSIS = YES;
				CLANG_WARN_STRICT_PROTOTYPES = YES;
				CLANG_WARN_SUSPICIOUS_MOVE = YES;
				CLANG_WARN_UNGUARDED_AVAILABILITY = YES_AGGRESSIVE;
				CLANG_WARN_UNREACHABLE_CODE = YES;
				CLANG_WARN__DUPLICATE_METHOD_MATCH = YES;
				COPY_PHASE_STRIP = NO;
				DEBUG_INFORMATION_FORMAT = "dwarf-with-dsym";
				ENABLE_NS_ASSERTIONS = NO;
				ENABLE_STRICT_OBJC_MSGSEND = YES;
				ENABLE_USER_SCRIPT_SANDBOXING = YES;
				GCC_C_LANGUAGE_STANDARD = gnu17;
				GCC_NO_COMMON_BLOCKS = YES;
				GCC_WARN_64_TO_32_BIT_CONVERSION = YES;
				GCC_WARN_ABOUT_RETURN_TYPE = YES_ERROR;
				GCC_WARN_UNDECLARED_SELECTOR = YES;
				GCC_WARN_UNINITIALIZED_AUTOS = YES_AGGRESSIVE;
				GCC_WARN_UNUSED_FUNCTION = YES;
				GCC_WARN_UNUSED_VARIABLE = YES;
				IPHONEOS_DEPLOYMENT_TARGET = 17.0;
				LOCALIZATION_PREFERS_STRING_CATALOGS = YES;
				MTL_ENABLE_DEBUG_INFO = NO;
				MTL_FAST_MATH = YES;
				SDKROOT = iphoneos;
				VALIDATE_PRODUCT = YES;
			};
			name = Release;
		};
		4F3FFEBD2A2EE107001F3BEC /* Debug */ = {
			isa = XCBuildConfiguration;
			buildSettings = {
				ASSETCATALOG_COMPILER_APPICON_NAME = AppIcon;
				ASSETCATALOG_COMPILER_GLOBAL_ACCENT_COLOR_NAME = AccentColor;
				CODE_SIGN_ENTITLEMENTS = MiscellaneousUIKit/MiscellaneousUIKit.entitlements;
				CODE_SIGN_STYLE = Automatic;
				CURRENT_PROJECT_VERSION = 1;
				DEVELOPMENT_TEAM = P53D29U9LJ;
				GENERATE_INFOPLIST_FILE = YES;
				INFOPLIST_FILE = MiscellaneousUIKit/Info.plist;
				INFOPLIST_KEY_NSPhotoLibraryUsageDescription = Hello;
				INFOPLIST_KEY_UIApplicationSupportsIndirectInputEvents = YES;
				INFOPLIST_KEY_UILaunchStoryboardName = LaunchScreen;
				INFOPLIST_KEY_UISupportedInterfaceOrientations_iPad = "UIInterfaceOrientationPortrait UIInterfaceOrientationPortraitUpsideDown UIInterfaceOrientationLandscapeLeft UIInterfaceOrientationLandscapeRight";
				INFOPLIST_KEY_UISupportedInterfaceOrientations_iPhone = "UIInterfaceOrientationPortrait UIInterfaceOrientationLandscapeLeft UIInterfaceOrientationLandscapeRight";
				LD_RUNPATH_SEARCH_PATHS = (
					"$(inherited)",
					"@executable_path/Frameworks",
				);
				MARKETING_VERSION = 1.0;
				PRODUCT_BUNDLE_IDENTIFIER = com.pookjw.MiscellaneousUIKit;
				PRODUCT_NAME = "$(TARGET_NAME)";
				SUPPORTED_PLATFORMS = "iphoneos iphonesimulator";
				SUPPORTS_MACCATALYST = YES;
				SUPPORTS_MAC_DESIGNED_FOR_IPHONE_IPAD = NO;
				SWIFT_EMIT_LOC_STRINGS = YES;
				TARGETED_DEVICE_FAMILY = "1,2";
			};
			name = Debug;
		};
		4F3FFEBE2A2EE107001F3BEC /* Release */ = {
			isa = XCBuildConfiguration;
			buildSettings = {
				ASSETCATALOG_COMPILER_APPICON_NAME = AppIcon;
				ASSETCATALOG_COMPILER_GLOBAL_ACCENT_COLOR_NAME = AccentColor;
				CODE_SIGN_ENTITLEMENTS = MiscellaneousUIKit/MiscellaneousUIKit.entitlements;
				CODE_SIGN_STYLE = Automatic;
				CURRENT_PROJECT_VERSION = 1;
				DEVELOPMENT_TEAM = P53D29U9LJ;
				GENERATE_INFOPLIST_FILE = YES;
				INFOPLIST_FILE = MiscellaneousUIKit/Info.plist;
				INFOPLIST_KEY_NSPhotoLibraryUsageDescription = Hello;
				INFOPLIST_KEY_UIApplicationSupportsIndirectInputEvents = YES;
				INFOPLIST_KEY_UILaunchStoryboardName = LaunchScreen;
				INFOPLIST_KEY_UISupportedInterfaceOrientations_iPad = "UIInterfaceOrientationPortrait UIInterfaceOrientationPortraitUpsideDown UIInterfaceOrientationLandscapeLeft UIInterfaceOrientationLandscapeRight";
				INFOPLIST_KEY_UISupportedInterfaceOrientations_iPhone = "UIInterfaceOrientationPortrait UIInterfaceOrientationLandscapeLeft UIInterfaceOrientationLandscapeRight";
				LD_RUNPATH_SEARCH_PATHS = (
					"$(inherited)",
					"@executable_path/Frameworks",
				);
				MARKETING_VERSION = 1.0;
				PRODUCT_BUNDLE_IDENTIFIER = com.pookjw.MiscellaneousUIKit;
				PRODUCT_NAME = "$(TARGET_NAME)";
				SUPPORTED_PLATFORMS = "iphoneos iphonesimulator";
				SUPPORTS_MACCATALYST = YES;
				SUPPORTS_MAC_DESIGNED_FOR_IPHONE_IPAD = NO;
				SWIFT_EMIT_LOC_STRINGS = YES;
				TARGETED_DEVICE_FAMILY = "1,2";
			};
			name = Release;
		};
/* End XCBuildConfiguration section */

/* Begin XCConfigurationList section */
		4F3FFE9E2A2EE106001F3BEC /* Build configuration list for PBXProject "MiscellaneousUIKit" */ = {
			isa = XCConfigurationList;
			buildConfigurations = (
				4F3FFEBA2A2EE107001F3BEC /* Debug */,
				4F3FFEBB2A2EE107001F3BEC /* Release */,
			);
			defaultConfigurationIsVisible = 0;
			defaultConfigurationName = Release;
		};
		4F3FFEBC2A2EE107001F3BEC /* Build configuration list for PBXNativeTarget "MiscellaneousUIKit" */ = {
			isa = XCConfigurationList;
			buildConfigurations = (
				4F3FFEBD2A2EE107001F3BEC /* Debug */,
				4F3FFEBE2A2EE107001F3BEC /* Release */,
			);
			defaultConfigurationIsVisible = 0;
			defaultConfigurationName = Release;
		};
/* End XCConfigurationList section */
	};
	rootObject = 4F3FFE9B2A2EE106001F3BEC /* Project object */;
}
