// !$*UTF8*$!
{
	archiveVersion = 1;
	classes = {
	};
	objectVersion = 56;
	objects = {

/* Begin PBXBuildFile section */
		4F2EF7802A2F8E9D00B0F206 /* MiscellaneousWatch Watch App.app in Embed Watch Content */ = {isa = PBXBuildFile; fileRef = 4F2EF77F2A2F8E9D00B0F206 /* MiscellaneousWatch Watch App.app */; settings = {ATTRIBUTES = (RemoveHeadersOnCopy, ); }; };
		4F2EF7852A2F8E9D00B0F206 /* MiscellaneousWatchApp.swift in Sources */ = {isa = PBXBuildFile; fileRef = 4F2EF7842A2F8E9D00B0F206 /* MiscellaneousWatchApp.swift */; };
		4F2EF7872A2F8E9D00B0F206 /* ContentView.swift in Sources */ = {isa = PBXBuildFile; fileRef = 4F2EF7862A2F8E9D00B0F206 /* ContentView.swift */; };
		4F2EF7892A2F8E9E00B0F206 /* Assets.xcassets in Resources */ = {isa = PBXBuildFile; fileRef = 4F2EF7882A2F8E9E00B0F206 /* Assets.xcassets */; };
		4F2EF78C2A2F8E9E00B0F206 /* Preview Assets.xcassets in Resources */ = {isa = PBXBuildFile; fileRef = 4F2EF78B2A2F8E9E00B0F206 /* Preview Assets.xcassets */; };
/* End PBXBuildFile section */

/* Begin PBXContainerItemProxy section */
		4F2EF7812A2F8E9D00B0F206 /* PBXContainerItemProxy */ = {
			isa = PBXContainerItemProxy;
			containerPortal = 4F2EF7732A2F8E9D00B0F206 /* Project object */;
			proxyType = 1;
			remoteGlobalIDString = 4F2EF77E2A2F8E9D00B0F206;
			remoteInfo = "MiscellaneousWatch Watch App";
		};
/* End PBXContainerItemProxy section */

/* Begin PBXCopyFilesBuildPhase section */
		4F2EF7922A2F8E9E00B0F206 /* Embed Watch Content */ = {
			isa = PBXCopyFilesBuildPhase;
			buildActionMask = 2147483647;
			dstPath = "$(CONTENTS_FOLDER_PATH)/Watch";
			dstSubfolderSpec = 16;
			files = (
				4F2EF7802A2F8E9D00B0F206 /* MiscellaneousWatch Watch App.app in Embed Watch Content */,
			);
			name = "Embed Watch Content";
			runOnlyForDeploymentPostprocessing = 0;
		};
/* End PBXCopyFilesBuildPhase section */

/* Begin PBXFileReference section */
		4F2EF7792A2F8E9D00B0F206 /* MiscellaneousWatch.app */ = {isa = PBXFileReference; explicitFileType = wrapper.application; includeInIndex = 0; path = MiscellaneousWatch.app; sourceTree = BUILT_PRODUCTS_DIR; };
		4F2EF77F2A2F8E9D00B0F206 /* MiscellaneousWatch Watch App.app */ = {isa = PBXFileReference; explicitFileType = wrapper.application; includeInIndex = 0; path = "MiscellaneousWatch Watch App.app"; sourceTree = BUILT_PRODUCTS_DIR; };
		4F2EF7842A2F8E9D00B0F206 /* MiscellaneousWatchApp.swift */ = {isa = PBXFileReference; lastKnownFileType = sourcecode.swift; path = MiscellaneousWatchApp.swift; sourceTree = "<group>"; };
		4F2EF7862A2F8E9D00B0F206 /* ContentView.swift */ = {isa = PBXFileReference; lastKnownFileType = sourcecode.swift; path = ContentView.swift; sourceTree = "<group>"; };
		4F2EF7882A2F8E9E00B0F206 /* Assets.xcassets */ = {isa = PBXFileReference; lastKnownFileType = folder.assetcatalog; path = Assets.xcassets; sourceTree = "<group>"; };
		4F2EF78B2A2F8E9E00B0F206 /* Preview Assets.xcassets */ = {isa = PBXFileReference; lastKnownFileType = folder.assetcatalog; path = "Preview Assets.xcassets"; sourceTree = "<group>"; };
/* End PBXFileReference section */

/* Begin PBXFrameworksBuildPhase section */
		4F2EF77C2A2F8E9D00B0F206 /* Frameworks */ = {
			isa = PBXFrameworksBuildPhase;
			buildActionMask = 2147483647;
			files = (
			);
			runOnlyForDeploymentPostprocessing = 0;
		};
/* End PBXFrameworksBuildPhase section */

/* Begin PBXGroup section */
		4F2EF7722A2F8E9D00B0F206 = {
			isa = PBXGroup;
			children = (
				4F2EF7832A2F8E9D00B0F206 /* MiscellaneousWatch Watch App */,
				4F2EF77A2A2F8E9D00B0F206 /* Products */,
			);
			sourceTree = "<group>";
		};
		4F2EF77A2A2F8E9D00B0F206 /* Products */ = {
			isa = PBXGroup;
			children = (
				4F2EF7792A2F8E9D00B0F206 /* MiscellaneousWatch.app */,
				4F2EF77F2A2F8E9D00B0F206 /* MiscellaneousWatch Watch App.app */,
			);
			name = Products;
			sourceTree = "<group>";
		};
		4F2EF7832A2F8E9D00B0F206 /* MiscellaneousWatch Watch App */ = {
			isa = PBXGroup;
			children = (
				4F2EF7842A2F8E9D00B0F206 /* MiscellaneousWatchApp.swift */,
				4F2EF7862A2F8E9D00B0F206 /* ContentView.swift */,
				4F2EF7882A2F8E9E00B0F206 /* Assets.xcassets */,
				4F2EF78A2A2F8E9E00B0F206 /* Preview Content */,
			);
			path = "MiscellaneousWatch Watch App";
			sourceTree = "<group>";
		};
		4F2EF78A2A2F8E9E00B0F206 /* Preview Content */ = {
			isa = PBXGroup;
			children = (
				4F2EF78B2A2F8E9E00B0F206 /* Preview Assets.xcassets */,
			);
			path = "Preview Content";
			sourceTree = "<group>";
		};
/* End PBXGroup section */

/* Begin PBXNativeTarget section */
		4F2EF7782A2F8E9D00B0F206 /* MiscellaneousWatch */ = {
			isa = PBXNativeTarget;
			buildConfigurationList = 4F2EF7932A2F8E9E00B0F206 /* Build configuration list for PBXNativeTarget "MiscellaneousWatch" */;
			buildPhases = (
				4F2EF7772A2F8E9D00B0F206 /* Resources */,
				4F2EF7922A2F8E9E00B0F206 /* Embed Watch Content */,
			);
			buildRules = (
			);
			dependencies = (
				4F2EF7822A2F8E9D00B0F206 /* PBXTargetDependency */,
			);
			name = MiscellaneousWatch;
			productName = MiscellaneousWatch;
			productReference = 4F2EF7792A2F8E9D00B0F206 /* MiscellaneousWatch.app */;
			productType = "com.apple.product-type.application.watchapp2-container";
		};
		4F2EF77E2A2F8E9D00B0F206 /* MiscellaneousWatch Watch App */ = {
			isa = PBXNativeTarget;
			buildConfigurationList = 4F2EF78F2A2F8E9E00B0F206 /* Build configuration list for PBXNativeTarget "MiscellaneousWatch Watch App" */;
			buildPhases = (
				4F2EF77B2A2F8E9D00B0F206 /* Sources */,
				4F2EF77C2A2F8E9D00B0F206 /* Frameworks */,
				4F2EF77D2A2F8E9D00B0F206 /* Resources */,
			);
			buildRules = (
			);
			dependencies = (
			);
			name = "MiscellaneousWatch Watch App";
			productName = "MiscellaneousWatch Watch App";
			productReference = 4F2EF77F2A2F8E9D00B0F206 /* MiscellaneousWatch Watch App.app */;
			productType = "com.apple.product-type.application";
		};
/* End PBXNativeTarget section */

/* Begin PBXProject section */
		4F2EF7732A2F8E9D00B0F206 /* Project object */ = {
			isa = PBXProject;
			attributes = {
				BuildIndependentTargetsInParallel = 1;
				LastSwiftUpdateCheck = 1500;
				LastUpgradeCheck = 1500;
				TargetAttributes = {
					4F2EF7782A2F8E9D00B0F206 = {
						CreatedOnToolsVersion = 15.0;
					};
					4F2EF77E2A2F8E9D00B0F206 = {
						CreatedOnToolsVersion = 15.0;
					};
				};
			};
			buildConfigurationList = 4F2EF7762A2F8E9D00B0F206 /* Build configuration list for PBXProject "MiscellaneousWatch" */;
			compatibilityVersion = "Xcode 14.0";
			developmentRegion = en;
			hasScannedForEncodings = 0;
			knownRegions = (
				en,
				Base,
			);
			mainGroup = 4F2EF7722A2F8E9D00B0F206;
			productRefGroup = 4F2EF77A2A2F8E9D00B0F206 /* Products */;
			projectDirPath = "";
			projectRoot = "";
			targets = (
				4F2EF7782A2F8E9D00B0F206 /* MiscellaneousWatch */,
				4F2EF77E2A2F8E9D00B0F206 /* MiscellaneousWatch Watch App */,
			);
		};
/* End PBXProject section */

/* Begin PBXResourcesBuildPhase section */
		4F2EF7772A2F8E9D00B0F206 /* Resources */ = {
			isa = PBXResourcesBuildPhase;
			buildActionMask = 2147483647;
			files = (
			);
			runOnlyForDeploymentPostprocessing = 0;
		};
		4F2EF77D2A2F8E9D00B0F206 /* Resources */ = {
			isa = PBXResourcesBuildPhase;
			buildActionMask = 2147483647;
			files = (
				4F2EF78C2A2F8E9E00B0F206 /* Preview Assets.xcassets in Resources */,
				4F2EF7892A2F8E9E00B0F206 /* Assets.xcassets in Resources */,
			);
			runOnlyForDeploymentPostprocessing = 0;
		};
/* End PBXResourcesBuildPhase section */

/* Begin PBXSourcesBuildPhase section */
		4F2EF77B2A2F8E9D00B0F206 /* Sources */ = {
			isa = PBXSourcesBuildPhase;
			buildActionMask = 2147483647;
			files = (
				4F2EF7872A2F8E9D00B0F206 /* ContentView.swift in Sources */,
				4F2EF7852A2F8E9D00B0F206 /* MiscellaneousWatchApp.swift in Sources */,
			);
			runOnlyForDeploymentPostprocessing = 0;
		};
/* End PBXSourcesBuildPhase section */

/* Begin PBXTargetDependency section */
		4F2EF7822A2F8E9D00B0F206 /* PBXTargetDependency */ = {
			isa = PBXTargetDependency;
			target = 4F2EF77E2A2F8E9D00B0F206 /* MiscellaneousWatch Watch App */;
			targetProxy = 4F2EF7812A2F8E9D00B0F206 /* PBXContainerItemProxy */;
		};
/* End PBXTargetDependency section */

/* Begin XCBuildConfiguration section */
		4F2EF78D2A2F8E9E00B0F206 /* Debug */ = {
			isa = XCBuildConfiguration;
			buildSettings = {
				ALWAYS_SEARCH_USER_PATHS = NO;
				ASSETCATALOG_COMPILER_GENERATE_SWIFT_ASSET_SYMBOL_EXTENSIONS = YES;
				CLANG_ANALYZER_NONNULL = YES;
				CLANG_ANALYZER_NUMBER_OBJECT_CONVERSION = YES_AGGRESSIVE;
				CLANG_CXX_LANGUAGE_STANDARD = "gnu++20";
				CLANG_ENABLE_MODULES = YES;
				CLANG_ENABLE_OBJC_ARC = YES;
				CLANG_ENABLE_OBJC_WEAK = YES;
				CLANG_WARN_BLOCK_CAPTURE_AUTORELEASING = YES;
				CLANG_WARN_BOOL_CONVERSION = YES;
				CLANG_WARN_COMMA = YES;
				CLANG_WARN_CONSTANT_CONVERSION = YES;
				CLANG_WARN_DEPRECATED_OBJC_IMPLEMENTATIONS = YES;
				CLANG_WARN_DIRECT_OBJC_ISA_USAGE = YES_ERROR;
				CLANG_WARN_DOCUMENTATION_COMMENTS = YES;
				CLANG_WARN_EMPTY_BODY = YES;
				CLANG_WARN_ENUM_CONVERSION = YES;
				CLANG_WARN_INFINITE_RECURSION = YES;
				CLANG_WARN_INT_CONVERSION = YES;
				CLANG_WARN_NON_LITERAL_NULL_CONVERSION = YES;
				CLANG_WARN_OBJC_IMPLICIT_RETAIN_SELF = YES;
				CLANG_WARN_OBJC_LITERAL_CONVERSION = YES;
				CLANG_WARN_OBJC_ROOT_CLASS = YES_ERROR;
				CLANG_WARN_QUOTED_INCLUDE_IN_FRAMEWORK_HEADER = YES;
				CLANG_WARN_RANGE_LOOP_ANALYSIS = YES;
				CLANG_WARN_STRICT_PROTOTYPES = YES;
				CLANG_WARN_SUSPICIOUS_MOVE = YES;
				CLANG_WARN_UNGUARDED_AVAILABILITY = YES_AGGRESSIVE;
				CLANG_WARN_UNREACHABLE_CODE = YES;
				CLANG_WARN__DUPLICATE_METHOD_MATCH = YES;
				COPY_PHASE_STRIP = NO;
				DEBUG_INFORMATION_FORMAT = dwarf;
				ENABLE_STRICT_OBJC_MSGSEND = YES;
				ENABLE_TESTABILITY = YES;
				ENABLE_USER_SCRIPT_SANDBOXING = YES;
				GCC_C_LANGUAGE_STANDARD = gnu17;
				GCC_DYNAMIC_NO_PIC = NO;
				GCC_NO_COMMON_BLOCKS = YES;
				GCC_OPTIMIZATION_LEVEL = 0;
				GCC_PREPROCESSOR_DEFINITIONS = (
					"DEBUG=1",
					"$(inherited)",
				);
				GCC_WARN_64_TO_32_BIT_CONVERSION = YES;
				GCC_WARN_ABOUT_RETURN_TYPE = YES_ERROR;
				GCC_WARN_UNDECLARED_SELECTOR = YES;
				GCC_WARN_UNINITIALIZED_AUTOS = YES_AGGRESSIVE;
				GCC_WARN_UNUSED_FUNCTION = YES;
				GCC_WARN_UNUSED_VARIABLE = YES;
				LOCALIZATION_PREFERS_STRING_CATALOGS = YES;
				MTL_ENABLE_DEBUG_INFO = INCLUDE_SOURCE;
				MTL_FAST_MATH = YES;
				ONLY_ACTIVE_ARCH = YES;
				SWIFT_ACTIVE_COMPILATION_CONDITIONS = "DEBUG $(inherited)";
				SWIFT_OPTIMIZATION_LEVEL = "-Onone";
			};
			name = Debug;
		};
		4F2EF78E2A2F8E9E00B0F206 /* Release */ = {
			isa = XCBuildConfiguration;
			buildSettings = {
				ALWAYS_SEARCH_USER_PATHS = NO;
				ASSETCATALOG_COMPILER_GENERATE_SWIFT_ASSET_SYMBOL_EXTENSIONS = YES;
				CLANG_ANALYZER_NONNULL = YES;
				CLANG_ANALYZER_NUMBER_OBJECT_CONVERSION = YES_AGGRESSIVE;
				CLANG_CXX_LANGUAGE_STANDARD = "gnu++20";
				CLANG_ENABLE_MODULES = YES;
				CLANG_ENABLE_OBJC_ARC = YES;
				CLANG_ENABLE_OBJC_WEAK = YES;
				CLANG_WARN_BLOCK_CAPTURE_AUTORELEASING = YES;
				CLANG_WARN_BOOL_CONVERSION = YES;
				CLANG_WARN_COMMA = YES;
				CLANG_WARN_CONSTANT_CONVERSION = YES;
				CLANG_WARN_DEPRECATED_OBJC_IMPLEMENTATIONS = YES;
				CLANG_WARN_DIRECT_OBJC_ISA_USAGE = YES_ERROR;
				CLANG_WARN_DOCUMENTATION_COMMENTS = YES;
				CLANG_WARN_EMPTY_BODY = YES;
				CLANG_WARN_ENUM_CONVERSION = YES;
				CLANG_WARN_INFINITE_RECURSION = YES;
				CLANG_WARN_INT_CONVERSION = YES;
				CLANG_WARN_NON_LITERAL_NULL_CONVERSION = YES;
				CLANG_WARN_OBJC_IMPLICIT_RETAIN_SELF = YES;
				CLANG_WARN_OBJC_LITERAL_CONVERSION = YES;
				CLANG_WARN_OBJC_ROOT_CLASS = YES_ERROR;
				CLANG_WARN_QUOTED_INCLUDE_IN_FRAMEWORK_HEADER = YES;
				CLANG_WARN_RANGE_LOOP_ANALYSIS = YES;
				CLANG_WARN_STRICT_PROTOTYPES = YES;
				CLANG_WARN_SUSPICIOUS_MOVE = YES;
				CLANG_WARN_UNGUARDED_AVAILABILITY = YES_AGGRESSIVE;
				CLANG_WARN_UNREACHABLE_CODE = YES;
				CLANG_WARN__DUPLICATE_METHOD_MATCH = YES;
				COPY_PHASE_STRIP = NO;
				DEBUG_INFORMATION_FORMAT = "dwarf-with-dsym";
				ENABLE_NS_ASSERTIONS = NO;
				ENABLE_STRICT_OBJC_MSGSEND = YES;
				ENABLE_USER_SCRIPT_SANDBOXING = YES;
				GCC_C_LANGUAGE_STANDARD = gnu17;
				GCC_NO_COMMON_BLOCKS = YES;
				GCC_WARN_64_TO_32_BIT_CONVERSION = YES;
				GCC_WARN_ABOUT_RETURN_TYPE = YES_ERROR;
				GCC_WARN_UNDECLARED_SELECTOR = YES;
				GCC_WARN_UNINITIALIZED_AUTOS = YES_AGGRESSIVE;
				GCC_WARN_UNUSED_FUNCTION = YES;
				GCC_WARN_UNUSED_VARIABLE = YES;
				LOCALIZATION_PREFERS_STRING_CATALOGS = YES;
				MTL_ENABLE_DEBUG_INFO = NO;
				MTL_FAST_MATH = YES;
				SWIFT_COMPILATION_MODE = wholemodule;
			};
			name = Release;
		};
		4F2EF7902A2F8E9E00B0F206 /* Debug */ = {
			isa = XCBuildConfiguration;
			buildSettings = {
				ASSETCATALOG_COMPILER_APPICON_NAME = AppIcon;
				ASSETCATALOG_COMPILER_GLOBAL_ACCENT_COLOR_NAME = AccentColor;
				CODE_SIGN_STYLE = Automatic;
				CURRENT_PROJECT_VERSION = 1;
				DEVELOPMENT_ASSET_PATHS = "\"MiscellaneousWatch Watch App/Preview Content\"";
				DEVELOPMENT_TEAM = P53D29U9LJ;
				ENABLE_PREVIEWS = YES;
				GENERATE_INFOPLIST_FILE = YES;
				INFOPLIST_KEY_CFBundleDisplayName = MiscellaneousWatch;
				INFOPLIST_KEY_UISupportedInterfaceOrientations = "UIInterfaceOrientationPortrait UIInterfaceOrientationPortraitUpsideDown";
				INFOPLIST_KEY_WKWatchOnly = YES;
				LD_RUNPATH_SEARCH_PATHS = (
					"$(inherited)",
					"@executable_path/Frameworks",
				);
				MARKETING_VERSION = 1.0;
				PRODUCT_BUNDLE_IDENTIFIER = com.pookjw.MiscellaneousWatch.watchkitapp;
				PRODUCT_NAME = "$(TARGET_NAME)";
				SDKROOT = watchos;
				SKIP_INSTALL = YES;
				SWIFT_EMIT_LOC_STRINGS = YES;
				SWIFT_VERSION = 5.0;
				TARGETED_DEVICE_FAMILY = 4;
				WATCHOS_DEPLOYMENT_TARGET = 10.0;
			};
			name = Debug;
		};
		4F2EF7912A2F8E9E00B0F206 /* Release */ = {
			isa = XCBuildConfiguration;
			buildSettings = {
				ASSETCATALOG_COMPILER_APPICON_NAME = AppIcon;
				ASSETCATALOG_COMPILER_GLOBAL_ACCENT_COLOR_NAME = AccentColor;
				CODE_SIGN_STYLE = Automatic;
				CURRENT_PROJECT_VERSION = 1;
				DEVELOPMENT_ASSET_PATHS = "\"MiscellaneousWatch Watch App/Preview Content\"";
				DEVELOPMENT_TEAM = P53D29U9LJ;
				ENABLE_PREVIEWS = YES;
				GENERATE_INFOPLIST_FILE = YES;
				INFOPLIST_KEY_CFBundleDisplayName = MiscellaneousWatch;
				INFOPLIST_KEY_UISupportedInterfaceOrientations = "UIInterfaceOrientationPortrait UIInterfaceOrientationPortraitUpsideDown";
				INFOPLIST_KEY_WKWatchOnly = YES;
				LD_RUNPATH_SEARCH_PATHS = (
					"$(inherited)",
					"@executable_path/Frameworks",
				);
				MARKETING_VERSION = 1.0;
				PRODUCT_BUNDLE_IDENTIFIER = com.pookjw.MiscellaneousWatch.watchkitapp;
				PRODUCT_NAME = "$(TARGET_NAME)";
				SDKROOT = watchos;
				SKIP_INSTALL = YES;
				SWIFT_EMIT_LOC_STRINGS = YES;
				SWIFT_VERSION = 5.0;
				TARGETED_DEVICE_FAMILY = 4;
				VALIDATE_PRODUCT = YES;
				WATCHOS_DEPLOYMENT_TARGET = 10.0;
			};
			name = Release;
		};
		4F2EF7942A2F8E9E00B0F206 /* Debug */ = {
			isa = XCBuildConfiguration;
			buildSettings = {
				ALWAYS_EMBED_SWIFT_STANDARD_LIBRARIES = YES;
				CODE_SIGN_STYLE = Automatic;
				CURRENT_PROJECT_VERSION = 1;
				DEVELOPMENT_TEAM = P53D29U9LJ;
				INFOPLIST_KEY_CFBundleDisplayName = MiscellaneousWatch;
				MARKETING_VERSION = 1.0;
				PRODUCT_BUNDLE_IDENTIFIER = com.pookjw.MiscellaneousWatch;
				PRODUCT_NAME = "$(TARGET_NAME)";
				SDKROOT = iphoneos;
				SWIFT_VERSION = 5.0;
			};
			name = Debug;
		};
		4F2EF7952A2F8E9E00B0F206 /* Release */ = {
			isa = XCBuildConfiguration;
			buildSettings = {
				ALWAYS_EMBED_SWIFT_STANDARD_LIBRARIES = YES;
				CODE_SIGN_STYLE = Automatic;
				CURRENT_PROJECT_VERSION = 1;
				DEVELOPMENT_TEAM = P53D29U9LJ;
				INFOPLIST_KEY_CFBundleDisplayName = MiscellaneousWatch;
				MARKETING_VERSION = 1.0;
				PRODUCT_BUNDLE_IDENTIFIER = com.pookjw.MiscellaneousWatch;
				PRODUCT_NAME = "$(TARGET_NAME)";
				SDKROOT = iphoneos;
				SWIFT_VERSION = 5.0;
				VALIDATE_PRODUCT = YES;
			};
			name = Release;
		};
/* End XCBuildConfiguration section */

/* Begin XCConfigurationList section */
		4F2EF7762A2F8E9D00B0F206 /* Build configuration list for PBXProject "MiscellaneousWatch" */ = {
			isa = XCConfigurationList;
			buildConfigurations = (
				4F2EF78D2A2F8E9E00B0F206 /* Debug */,
				4F2EF78E2A2F8E9E00B0F206 /* Release */,
			);
			defaultConfigurationIsVisible = 0;
			defaultConfigurationName = Release;
		};
		4F2EF78F2A2F8E9E00B0F206 /* Build configuration list for PBXNativeTarget "MiscellaneousWatch Watch App" */ = {
			isa = XCConfigurationList;
			buildConfigurations = (
				4F2EF7902A2F8E9E00B0F206 /* Debug */,
				4F2EF7912A2F8E9E00B0F206 /* Release */,
			);
			defaultConfigurationIsVisible = 0;
			defaultConfigurationName = Release;
		};
		4F2EF7932A2F8E9E00B0F206 /* Build configuration list for PBXNativeTarget "MiscellaneousWatch" */ = {
			isa = XCConfigurationList;
			buildConfigurations = (
				4F2EF7942A2F8E9E00B0F206 /* Debug */,
				4F2EF7952A2F8E9E00B0F206 /* Release */,
			);
			defaultConfigurationIsVisible = 0;
			defaultConfigurationName = Release;
		};
/* End XCConfigurationList section */
	};
	rootObject = 4F2EF7732A2F8E9D00B0F206 /* Project object */;
}
